
Microsoft Visual Studio Solution File, Format Version 12.00
# Visual Studio Version 17
VisualStudioVersion = 17.1.32228.430
MinimumVisualStudioVersion = 10.0.40219.1
Project("{FAE04EC0-301F-11D3-BF4B-00C04F79EFBC}") = "MicrosoftCodility", "MicrosoftCodility\MicrosoftCodility.csproj", "{519D42A2-DB8C-47FB-8126-B01FFBF5224F}"
EndProject
Global
	GlobalSection(SolutionConfigurationPlatforms) = preSolution
		Debug|Any CPU = Debug|Any CPU
		Release|Any CPU = Release|Any CPU
	EndGlobalSection
	GlobalSection(ProjectConfigurationPlatforms) = postSolution
		{519D42A2-DB8C-47FB-8126-B01FFBF5224F}.Debug|Any CPU.ActiveCfg = Debug|Any CPU
		{519D42A2-DB8C-47FB-8126-B01FFBF5224F}.Debug|Any CPU.Build.0 = Debug|Any CPU
		{519D42A2-DB8C-47FB-8126-B01FFBF5224F}.Release|Any CPU.ActiveCfg = Release|Any CPU
		{519D42A2-DB8C-47FB-8126-B01FFBF5224F}.Release|Any CPU.Build.0 = Release|Any CPU
	EndGlobalSection
	GlobalSection(SolutionProperties) = preSolution
		HideSolutionNode = FALSE
	EndGlobalSection
	GlobalSection(ExtensibilityGlobals) = postSolution
		SolutionGuid = {C81A0B85-09FF-4D97-83CD-5216EA24F9CF}
	EndGlobalSection
EndGlobal
