
Microsoft Visual Studio Solution File, Format Version 12.00
# Visual Studio Version 17
VisualStudioVersion = 17.1.32228.430
MinimumVisualStudioVersion = 10.0.40219.1
Project("{9A19103F-16F7-4668-BE54-9A1E7A4F7556}") = "LeetCode", "LeetCode\LeetCode.csproj", "{D75AA69C-3C74-460B-831D-896F18555084}"
EndProject
Project("{9A19103F-16F7-4668-BE54-9A1E7A4F7556}") = "PalindromePairs", "PalindromePairs\PalindromePairs.csproj", "{F0604E36-7C22-46A5-995D-6B1F0FFC90A3}"
EndProject
Project("{FAE04EC0-301F-11D3-BF4B-00C04F79EFBC}") = "Problem1115", "Problem1115\Problem1115.csproj", "{83625E43-8068-453F-AAD3-C5F1439DB7FB}"
EndProject
Project("{FAE04EC0-301F-11D3-BF4B-00C04F79EFBC}") = "Problem1116", "Problem1116\Problem1116.csproj", "{0230D370-88B2-4AC1-A050-061D14C39977}"
EndProject
Project("{FAE04EC0-301F-11D3-BF4B-00C04F79EFBC}") = "Problem1117", "Problem1117\Problem1117.csproj", "{87E5E22A-E07B-45DA-A176-E82E9484BBFB}"
EndProject
Project("{FAE04EC0-301F-11D3-BF4B-00C04F79EFBC}") = "Week311", "Week311\Week311.csproj", "{C1E05ABF-B5BB-4118-AD78-BDDEC53F5D98}"
EndProject
Global
	GlobalSection(SolutionConfigurationPlatforms) = preSolution
		Debug|Any CPU = Debug|Any CPU
		Release|Any CPU = Release|Any CPU
	EndGlobalSection
	GlobalSection(ProjectConfigurationPlatforms) = postSolution
		{D75AA69C-3C74-460B-831D-896F18555084}.Debug|Any CPU.ActiveCfg = Debug|Any CPU
		{D75AA69C-3C74-460B-831D-896F18555084}.Debug|Any CPU.Build.0 = Debug|Any CPU
		{D75AA69C-3C74-460B-831D-896F18555084}.Release|Any CPU.ActiveCfg = Release|Any CPU
		{D75AA69C-3C74-460B-831D-896F18555084}.Release|Any CPU.Build.0 = Release|Any CPU
		{F0604E36-7C22-46A5-995D-6B1F0FFC90A3}.Debug|Any CPU.ActiveCfg = Debug|Any CPU
		{F0604E36-7C22-46A5-995D-6B1F0FFC90A3}.Debug|Any CPU.Build.0 = Debug|Any CPU
		{F0604E36-7C22-46A5-995D-6B1F0FFC90A3}.Release|Any CPU.ActiveCfg = Release|Any CPU
		{F0604E36-7C22-46A5-995D-6B1F0FFC90A3}.Release|Any CPU.Build.0 = Release|Any CPU
		{83625E43-8068-453F-AAD3-C5F1439DB7FB}.Debug|Any CPU.ActiveCfg = Debug|Any CPU
		{83625E43-8068-453F-AAD3-C5F1439DB7FB}.Debug|Any CPU.Build.0 = Debug|Any CPU
		{83625E43-8068-453F-AAD3-C5F1439DB7FB}.Release|Any CPU.ActiveCfg = Release|Any CPU
		{83625E43-8068-453F-AAD3-C5F1439DB7FB}.Release|Any CPU.Build.0 = Release|Any CPU
		{0230D370-88B2-4AC1-A050-061D14C39977}.Debug|Any CPU.ActiveCfg = Debug|Any CPU
		{0230D370-88B2-4AC1-A050-061D14C39977}.Debug|Any CPU.Build.0 = Debug|Any CPU
		{0230D370-88B2-4AC1-A050-061D14C39977}.Release|Any CPU.ActiveCfg = Release|Any CPU
		{0230D370-88B2-4AC1-A050-061D14C39977}.Release|Any CPU.Build.0 = Release|Any CPU
		{87E5E22A-E07B-45DA-A176-E82E9484BBFB}.Debug|Any CPU.ActiveCfg = Debug|Any CPU
		{87E5E22A-E07B-45DA-A176-E82E9484BBFB}.Debug|Any CPU.Build.0 = Debug|Any CPU
		{87E5E22A-E07B-45DA-A176-E82E9484BBFB}.Release|Any CPU.ActiveCfg = Release|Any CPU
		{87E5E22A-E07B-45DA-A176-E82E9484BBFB}.Release|Any CPU.Build.0 = Release|Any CPU
		{C1E05ABF-B5BB-4118-AD78-BDDEC53F5D98}.Debug|Any CPU.ActiveCfg = Debug|Any CPU
		{C1E05ABF-B5BB-4118-AD78-BDDEC53F5D98}.Debug|Any CPU.Build.0 = Debug|Any CPU
		{C1E05ABF-B5BB-4118-AD78-BDDEC53F5D98}.Release|Any CPU.ActiveCfg = Release|Any CPU
		{C1E05ABF-B5BB-4118-AD78-BDDEC53F5D98}.Release|Any CPU.Build.0 = Release|Any CPU
	EndGlobalSection
	GlobalSection(SolutionProperties) = preSolution
		HideSolutionNode = FALSE
	EndGlobalSection
	GlobalSection(ExtensibilityGlobals) = postSolution
		SolutionGuid = {1A83239C-8DBF-48AA-93B7-2861434403C7}
	EndGlobalSection
EndGlobal
